Microsoft Visual Studio Solution File, Format Version 12.00
# Visual Studio Version 17
VisualStudioVersion = 17.5.2.0
MinimumVisualStudioVersion = 10.0.40219.1
Project("{FAE04EC0-301F-11D3-BF4B-00C04F79EFBC}") = "ZPLMegaEvents", "ZPLMegaEvents.csproj", "{353E022F-B498-0B36-1B7D-18DA702E58CC}"
EndProject
Global
	GlobalSection(SolutionConfigurationPlatforms) = preSolution
		Debug|Any CPU = Debug|Any CPU
		Release|Any CPU = Release|Any CPU
	EndGlobalSection
	GlobalSection(ProjectConfigurationPlatforms) = postSolution
		{353E022F-B498-0B36-1B7D-18DA702E58CC}.Debug|Any CPU.ActiveCfg = Debug|Any CPU
		{353E022F-B498-0B36-1B7D-18DA702E58CC}.Debug|Any CPU.Build.0 = Debug|Any CPU
		{353E022F-B498-0B36-1B7D-18DA702E58CC}.Release|Any CPU.ActiveCfg = Release|Any CPU
		{353E022F-B498-0B36-1B7D-18DA702E58CC}.Release|Any CPU.Build.0 = Release|Any CPU
	EndGlobalSection
	GlobalSection(SolutionProperties) = preSolution
		HideSolutionNode = FALSE
	EndGlobalSection
	GlobalSection(ExtensibilityGlobals) = postSolution
		SolutionGuid = {5E81867D-6FD4-498C-B08A-84B47CBEE286}
	EndGlobalSection
EndGlobal
